
Microsoft Visual Studio Solution File, Format Version 12.00
# Visual Studio Version 17
VisualStudioVersion = 17.3.32819.101
MinimumVisualStudioVersion = 10.0.40219.1
Project("{FAE04EC0-301F-11D3-BF4B-00C04F79EFBC}") = "MvcProjectCamp", "MvcProjectCamp\MvcProjectCamp.csproj", "{8552AB68-8388-4D58-B0DA-8972C57DD320}"
EndProject
Project("{FAE04EC0-301F-11D3-BF4B-00C04F79EFBC}") = "EntityLayer", "EntityLayer\EntityLayer.csproj", "{5B44B9D9-4AC6-4386-B8DC-5A1838291226}"
EndProject
Project("{FAE04EC0-301F-11D3-BF4B-00C04F79EFBC}") = "DataAccessLayer", "DataAccessLayer\DataAccessLayer.csproj", "{6024A5DF-17B6-475D-B20F-4F0166FD9833}"
EndProject
Project("{FAE04EC0-301F-11D3-BF4B-00C04F79EFBC}") = "BusinessLayer", "BusinessLayer\BusinessLayer.csproj", "{94CE8D03-19F9-41E4-8A31-46C6DE13FD14}"
EndProject
Global
	GlobalSection(SolutionConfigurationPlatforms) = preSolution
		Debug|Any CPU = Debug|Any CPU
		Release|Any CPU = Release|Any CPU
	EndGlobalSection
	GlobalSection(ProjectConfigurationPlatforms) = postSolution
		{8552AB68-8388-4D58-B0DA-8972C57DD320}.Debug|Any CPU.ActiveCfg = Debug|Any CPU
		{8552AB68-8388-4D58-B0DA-8972C57DD320}.Debug|Any CPU.Build.0 = Debug|Any CPU
		{8552AB68-8388-4D58-B0DA-8972C57DD320}.Release|Any CPU.ActiveCfg = Release|Any CPU
		{8552AB68-8388-4D58-B0DA-8972C57DD320}.Release|Any CPU.Build.0 = Release|Any CPU
		{5B44B9D9-4AC6-4386-B8DC-5A1838291226}.Debug|Any CPU.ActiveCfg = Debug|Any CPU
		{5B44B9D9-4AC6-4386-B8DC-5A1838291226}.Debug|Any CPU.Build.0 = Debug|Any CPU
		{5B44B9D9-4AC6-4386-B8DC-5A1838291226}.Release|Any CPU.ActiveCfg = Release|Any CPU
		{5B44B9D9-4AC6-4386-B8DC-5A1838291226}.Release|Any CPU.Build.0 = Release|Any CPU
		{6024A5DF-17B6-475D-B20F-4F0166FD9833}.Debug|Any CPU.ActiveCfg = Debug|Any CPU
		{6024A5DF-17B6-475D-B20F-4F0166FD9833}.Debug|Any CPU.Build.0 = Debug|Any CPU
		{6024A5DF-17B6-475D-B20F-4F0166FD9833}.Release|Any CPU.ActiveCfg = Release|Any CPU
		{6024A5DF-17B6-475D-B20F-4F0166FD9833}.Release|Any CPU.Build.0 = Release|Any CPU
		{94CE8D03-19F9-41E4-8A31-46C6DE13FD14}.Debug|Any CPU.ActiveCfg = Debug|Any CPU
		{94CE8D03-19F9-41E4-8A31-46C6DE13FD14}.Debug|Any CPU.Build.0 = Debug|Any CPU
		{94CE8D03-19F9-41E4-8A31-46C6DE13FD14}.Release|Any CPU.ActiveCfg = Release|Any CPU
		{94CE8D03-19F9-41E4-8A31-46C6DE13FD14}.Release|Any CPU.Build.0 = Release|Any CPU
	EndGlobalSection
	GlobalSection(SolutionProperties) = preSolution
		HideSolutionNode = FALSE
	EndGlobalSection
	GlobalSection(ExtensibilityGlobals) = postSolution
		SolutionGuid = {5A44DA9D-AA38-40EA-900B-2C5FFB941C9E}
	EndGlobalSection
EndGlobal
